// !$*UTF8*$!
{
	archiveVersion = 1;
	classes = {
	};
	objectVersion = 56;
	objects = {

/* Begin PBXBuildFile section */
		8FCC13182A837B2800698582 /* AppDelegate.swift in Sources */ = {isa = PBXBuildFile; fileRef = 8FCC13172A837B2800698582 /* AppDelegate.swift */; };
		8FCC131C2A837B2800698582 /* SearchViewController.swift in Sources */ = {isa = PBXBuildFile; fileRef = 8FCC131B2A837B2800698582 /* SearchViewController.swift */; };
		8FCC131F2A837B2800698582 /* Main.storyboard in Resources */ = {isa = PBXBuildFile; fileRef = 8FCC131D2A837B2800698582 /* Main.storyboard */; };
		8FCC13212A837B2900698582 /* Assets.xcassets in Resources */ = {isa = PBXBuildFile; fileRef = 8FCC13202A837B2900698582 /* Assets.xcassets */; };
		8FCC13242A837B2900698582 /* LaunchScreen.storyboard in Resources */ = {isa = PBXBuildFile; fileRef = 8FCC13222A837B2900698582 /* LaunchScreen.storyboard */; };
		8FCC132F2A837B2900698582 /* FlickrSearchTests.swift in Sources */ = {isa = PBXBuildFile; fileRef = 8FCC132E2A837B2900698582 /* FlickrSearchTests.swift */; };
		8FCC13392A837B2900698582 /* FlickrSearchUITests.swift in Sources */ = {isa = PBXBuildFile; fileRef = 8FCC13382A837B2900698582 /* FlickrSearchUITests.swift */; };
		8FCC133B2A837B2900698582 /* FlickrSearchUITestsLaunchTests.swift in Sources */ = {isa = PBXBuildFile; fileRef = 8FCC133A2A837B2900698582 /* FlickrSearchUITestsLaunchTests.swift */; };
		8FCC135D2A8381D700698582 /* SearchResult.swift in Sources */ = {isa = PBXBuildFile; fileRef = 8FCC134C2A8381D700698582 /* SearchResult.swift */; };
		8FCC135E2A8381D700698582 /* SearchItem.swift in Sources */ = {isa = PBXBuildFile; fileRef = 8FCC134D2A8381D700698582 /* SearchItem.swift */; };
		8FCC135F2A8381D700698582 /* SearchEndpoint.swift in Sources */ = {isa = PBXBuildFile; fileRef = 8FCC134F2A8381D700698582 /* SearchEndpoint.swift */; };
		8FCC13602A8381D700698582 /* SearchService.swift in Sources */ = {isa = PBXBuildFile; fileRef = 8FCC13512A8381D700698582 /* SearchService.swift */; };
		8FCC13612A8381D700698582 /* EmptyModel.swift in Sources */ = {isa = PBXBuildFile; fileRef = 8FCC13532A8381D700698582 /* EmptyModel.swift */; };
		8FCC13622A8381D700698582 /* HTTPTask.swift in Sources */ = {isa = PBXBuildFile; fileRef = 8FCC13542A8381D700698582 /* HTTPTask.swift */; };
		8FCC13632A8381D700698582 /* ParameterEncoding.swift in Sources */ = {isa = PBXBuildFile; fileRef = 8FCC13552A8381D700698582 /* ParameterEncoding.swift */; };
		8FCC13642A8381D700698582 /* HTTPClient.swift in Sources */ = {isa = PBXBuildFile; fileRef = 8FCC13562A8381D700698582 /* HTTPClient.swift */; };
		8FCC13652A8381D700698582 /* RequestMethod.swift in Sources */ = {isa = PBXBuildFile; fileRef = 8FCC13572A8381D700698582 /* RequestMethod.swift */; };
		8FCC13662A8381D700698582 /* URLParameterEncoder.swift in Sources */ = {isa = PBXBuildFile; fileRef = 8FCC13582A8381D700698582 /* URLParameterEncoder.swift */; };
		8FCC13672A8381D700698582 /* JSONParameterEncoder.swift in Sources */ = {isa = PBXBuildFile; fileRef = 8FCC13592A8381D700698582 /* JSONParameterEncoder.swift */; };
		8FCC13682A8381D700698582 /* RequestError.swift in Sources */ = {isa = PBXBuildFile; fileRef = 8FCC135A2A8381D700698582 /* RequestError.swift */; };
		8FCC13692A8381D700698582 /* Endpoint.swift in Sources */ = {isa = PBXBuildFile; fileRef = 8FCC135B2A8381D700698582 /* Endpoint.swift */; };
		8FCC136A2A8381D700698582 /* FormDataParameterEncoder.swift in Sources */ = {isa = PBXBuildFile; fileRef = 8FCC135C2A8381D700698582 /* FormDataParameterEncoder.swift */; };
/* End PBXBuildFile section */

/* Begin PBXContainerItemProxy section */
		8FCC132B2A837B2900698582 /* PBXContainerItemProxy */ = {
			isa = PBXContainerItemProxy;
			containerPortal = 8FCC130C2A837B2800698582 /* Project object */;
			proxyType = 1;
			remoteGlobalIDString = 8FCC13132A837B2800698582;
			remoteInfo = FlickrSearch;
		};
		8FCC13352A837B2900698582 /* PBXContainerItemProxy */ = {
			isa = PBXContainerItemProxy;
			containerPortal = 8FCC130C2A837B2800698582 /* Project object */;
			proxyType = 1;
			remoteGlobalIDString = 8FCC13132A837B2800698582;
			remoteInfo = FlickrSearch;
		};
/* End PBXContainerItemProxy section */

/* Begin PBXFileReference section */
		8FCC13142A837B2800698582 /* FlickrSearch.app */ = {isa = PBXFileReference; explicitFileType = wrapper.application; includeInIndex = 0; path = FlickrSearch.app; sourceTree = BUILT_PRODUCTS_DIR; };
		8FCC13172A837B2800698582 /* AppDelegate.swift */ = {isa = PBXFileReference; lastKnownFileType = sourcecode.swift; path = AppDelegate.swift; sourceTree = "<group>"; };
		8FCC131B2A837B2800698582 /* SearchViewController.swift */ = {isa = PBXFileReference; lastKnownFileType = sourcecode.swift; path = SearchViewController.swift; sourceTree = "<group>"; };
		8FCC131E2A837B2800698582 /* Base */ = {isa = PBXFileReference; lastKnownFileType = file.storyboard; name = Base; path = Base.lproj/Main.storyboard; sourceTree = "<group>"; };
		8FCC13202A837B2900698582 /* Assets.xcassets */ = {isa = PBXFileReference; lastKnownFileType = folder.assetcatalog; path = Assets.xcassets; sourceTree = "<group>"; };
		8FCC13232A837B2900698582 /* Base */ = {isa = PBXFileReference; lastKnownFileType = file.storyboard; name = Base; path = Base.lproj/LaunchScreen.storyboard; sourceTree = "<group>"; };
		8FCC13252A837B2900698582 /* Info.plist */ = {isa = PBXFileReference; lastKnownFileType = text.plist.xml; path = Info.plist; sourceTree = "<group>"; };
		8FCC132A2A837B2900698582 /* FlickrSearchTests.xctest */ = {isa = PBXFileReference; explicitFileType = wrapper.cfbundle; includeInIndex = 0; path = FlickrSearchTests.xctest; sourceTree = BUILT_PRODUCTS_DIR; };
		8FCC132E2A837B2900698582 /* FlickrSearchTests.swift */ = {isa = PBXFileReference; lastKnownFileType = sourcecode.swift; path = FlickrSearchTests.swift; sourceTree = "<group>"; };
		8FCC13342A837B2900698582 /* FlickrSearchUITests.xctest */ = {isa = PBXFileReference; explicitFileType = wrapper.cfbundle; includeInIndex = 0; path = FlickrSearchUITests.xctest; sourceTree = BUILT_PRODUCTS_DIR; };
		8FCC13382A837B2900698582 /* FlickrSearchUITests.swift */ = {isa = PBXFileReference; lastKnownFileType = sourcecode.swift; path = FlickrSearchUITests.swift; sourceTree = "<group>"; };
		8FCC133A2A837B2900698582 /* FlickrSearchUITestsLaunchTests.swift */ = {isa = PBXFileReference; lastKnownFileType = sourcecode.swift; path = FlickrSearchUITestsLaunchTests.swift; sourceTree = "<group>"; };
		8FCC134C2A8381D700698582 /* SearchResult.swift */ = {isa = PBXFileReference; fileEncoding = 4; lastKnownFileType = sourcecode.swift; path = SearchResult.swift; sourceTree = "<group>"; };
		8FCC134D2A8381D700698582 /* SearchItem.swift */ = {isa = PBXFileReference; fileEncoding = 4; lastKnownFileType = sourcecode.swift; path = SearchItem.swift; sourceTree = "<group>"; };
		8FCC134F2A8381D700698582 /* SearchEndpoint.swift */ = {isa = PBXFileReference; fileEncoding = 4; lastKnownFileType = sourcecode.swift; path = SearchEndpoint.swift; sourceTree = "<group>"; };
		8FCC13512A8381D700698582 /* SearchService.swift */ = {isa = PBXFileReference; fileEncoding = 4; lastKnownFileType = sourcecode.swift; path = SearchService.swift; sourceTree = "<group>"; };
		8FCC13532A8381D700698582 /* EmptyModel.swift */ = {isa = PBXFileReference; fileEncoding = 4; lastKnownFileType = sourcecode.swift; path = EmptyModel.swift; sourceTree = "<group>"; };
		8FCC13542A8381D700698582 /* HTTPTask.swift */ = {isa = PBXFileReference; fileEncoding = 4; lastKnownFileType = sourcecode.swift; path = HTTPTask.swift; sourceTree = "<group>"; };
		8FCC13552A8381D700698582 /* ParameterEncoding.swift */ = {isa = PBXFileReference; fileEncoding = 4; lastKnownFileType = sourcecode.swift; path = ParameterEncoding.swift; sourceTree = "<group>"; };
		8FCC13562A8381D700698582 /* HTTPClient.swift */ = {isa = PBXFileReference; fileEncoding = 4; lastKnownFileType = sourcecode.swift; path = HTTPClient.swift; sourceTree = "<group>"; };
		8FCC13572A8381D700698582 /* RequestMethod.swift */ = {isa = PBXFileReference; fileEncoding = 4; lastKnownFileType = sourcecode.swift; path = RequestMethod.swift; sourceTree = "<group>"; };
		8FCC13582A8381D700698582 /* URLParameterEncoder.swift */ = {isa = PBXFileReference; fileEncoding = 4; lastKnownFileType = sourcecode.swift; path = URLParameterEncoder.swift; sourceTree = "<group>"; };
		8FCC13592A8381D700698582 /* JSONParameterEncoder.swift */ = {isa = PBXFileReference; fileEncoding = 4; lastKnownFileType = sourcecode.swift; path = JSONParameterEncoder.swift; sourceTree = "<group>"; };
		8FCC135A2A8381D700698582 /* RequestError.swift */ = {isa = PBXFileReference; fileEncoding = 4; lastKnownFileType = sourcecode.swift; path = RequestError.swift; sourceTree = "<group>"; };
		8FCC135B2A8381D700698582 /* Endpoint.swift */ = {isa = PBXFileReference; fileEncoding = 4; lastKnownFileType = sourcecode.swift; path = Endpoint.swift; sourceTree = "<group>"; };
		8FCC135C2A8381D700698582 /* FormDataParameterEncoder.swift */ = {isa = PBXFileReference; fileEncoding = 4; lastKnownFileType = sourcecode.swift; path = FormDataParameterEncoder.swift; sourceTree = "<group>"; };
/* End PBXFileReference section */

/* Begin PBXFrameworksBuildPhase section */
		8FCC13112A837B2800698582 /* Frameworks */ = {
			isa = PBXFrameworksBuildPhase;
			buildActionMask = 2147483647;
			files = (
			);
			runOnlyForDeploymentPostprocessing = 0;
		};
		8FCC13272A837B2900698582 /* Frameworks */ = {
			isa = PBXFrameworksBuildPhase;
			buildActionMask = 2147483647;
			files = (
			);
			runOnlyForDeploymentPostprocessing = 0;
		};
		8FCC13312A837B2900698582 /* Frameworks */ = {
			isa = PBXFrameworksBuildPhase;
			buildActionMask = 2147483647;
			files = (
			);
			runOnlyForDeploymentPostprocessing = 0;
		};
/* End PBXFrameworksBuildPhase section */

/* Begin PBXGroup section */
		8FCC130B2A837B2800698582 = {
			isa = PBXGroup;
			children = (
				8FCC13162A837B2800698582 /* FlickrSearch */,
				8FCC132D2A837B2900698582 /* FlickrSearchTests */,
				8FCC13372A837B2900698582 /* FlickrSearchUITests */,
				8FCC13152A837B2800698582 /* Products */,
			);
			sourceTree = "<group>";
		};
		8FCC13152A837B2800698582 /* Products */ = {
			isa = PBXGroup;
			children = (
				8FCC13142A837B2800698582 /* FlickrSearch.app */,
				8FCC132A2A837B2900698582 /* FlickrSearchTests.xctest */,
				8FCC13342A837B2900698582 /* FlickrSearchUITests.xctest */,
			);
			name = Products;
			sourceTree = "<group>";
		};
		8FCC13162A837B2800698582 /* FlickrSearch */ = {
			isa = PBXGroup;
			children = (
				8FCC134A2A83819900698582 /* Network */,
				8FCC13492A83817B00698582 /* Services */,
				8FCC13482A83817300698582 /* View */,
				8FCC13172A837B2800698582 /* AppDelegate.swift */,
				8FCC13202A837B2900698582 /* Assets.xcassets */,
				8FCC13222A837B2900698582 /* LaunchScreen.storyboard */,
				8FCC13252A837B2900698582 /* Info.plist */,
			);
			path = FlickrSearch;
			sourceTree = "<group>";
		};
		8FCC132D2A837B2900698582 /* FlickrSearchTests */ = {
			isa = PBXGroup;
			children = (
				8FCC132E2A837B2900698582 /* FlickrSearchTests.swift */,
			);
			path = FlickrSearchTests;
			sourceTree = "<group>";
		};
		8FCC13372A837B2900698582 /* FlickrSearchUITests */ = {
			isa = PBXGroup;
			children = (
				8FCC13382A837B2900698582 /* FlickrSearchUITests.swift */,
				8FCC133A2A837B2900698582 /* FlickrSearchUITestsLaunchTests.swift */,
			);
			path = FlickrSearchUITests;
			sourceTree = "<group>";
		};
		8FCC13472A83815100698582 /* Search */ = {
			isa = PBXGroup;
			children = (
				8FCC131B2A837B2800698582 /* SearchViewController.swift */,
			);
			path = Search;
			sourceTree = "<group>";
		};
		8FCC13482A83817300698582 /* View */ = {
			isa = PBXGroup;
			children = (
				8FCC131D2A837B2800698582 /* Main.storyboard */,
				8FCC13472A83815100698582 /* Search */,
			);
			path = View;
			sourceTree = "<group>";
		};
		8FCC13492A83817B00698582 /* Services */ = {
			isa = PBXGroup;
			children = (
			);
			path = Services;
			sourceTree = "<group>";
		};
		8FCC134A2A83819900698582 /* Network */ = {
			isa = PBXGroup;
			children = (
				8FCC13522A8381D700698582 /* Base */,
				8FCC134E2A8381D700698582 /* Endpoints */,
				8FCC134B2A8381D700698582 /* Models */,
				8FCC13502A8381D700698582 /* Services */,
			);
			path = Network;
			sourceTree = "<group>";
		};
		8FCC134B2A8381D700698582 /* Models */ = {
			isa = PBXGroup;
			children = (
				8FCC134C2A8381D700698582 /* SearchResult.swift */,
				8FCC134D2A8381D700698582 /* SearchItem.swift */,
			);
			path = Models;
			sourceTree = "<group>";
		};
		8FCC134E2A8381D700698582 /* Endpoints */ = {
			isa = PBXGroup;
			children = (
				8FCC134F2A8381D700698582 /* SearchEndpoint.swift */,
			);
			path = Endpoints;
			sourceTree = "<group>";
		};
		8FCC13502A8381D700698582 /* Services */ = {
			isa = PBXGroup;
			children = (
				8FCC13512A8381D700698582 /* SearchService.swift */,
			);
			path = Services;
			sourceTree = "<group>";
		};
		8FCC13522A8381D700698582 /* Base */ = {
			isa = PBXGroup;
			children = (
				8FCC13532A8381D700698582 /* EmptyModel.swift */,
				8FCC13542A8381D700698582 /* HTTPTask.swift */,
				8FCC13552A8381D700698582 /* ParameterEncoding.swift */,
				8FCC13562A8381D700698582 /* HTTPClient.swift */,
				8FCC13572A8381D700698582 /* RequestMethod.swift */,
				8FCC13582A8381D700698582 /* URLParameterEncoder.swift */,
				8FCC13592A8381D700698582 /* JSONParameterEncoder.swift */,
				8FCC135A2A8381D700698582 /* RequestError.swift */,
				8FCC135B2A8381D700698582 /* Endpoint.swift */,
				8FCC135C2A8381D700698582 /* FormDataParameterEncoder.swift */,
			);
			path = Base;
			sourceTree = "<group>";
		};
/* End PBXGroup section */

/* Begin PBXNativeTarget section */
		8FCC13132A837B2800698582 /* FlickrSearch */ = {
			isa = PBXNativeTarget;
			buildConfigurationList = 8FCC133E2A837B2900698582 /* Build configuration list for PBXNativeTarget "FlickrSearch" */;
			buildPhases = (
				8FCC13102A837B2800698582 /* Sources */,
				8FCC13112A837B2800698582 /* Frameworks */,
				8FCC13122A837B2800698582 /* Resources */,
			);
			buildRules = (
			);
			dependencies = (
			);
			name = FlickrSearch;
			productName = FlickrSearch;
			productReference = 8FCC13142A837B2800698582 /* FlickrSearch.app */;
			productType = "com.apple.product-type.application";
		};
		8FCC13292A837B2900698582 /* FlickrSearchTests */ = {
			isa = PBXNativeTarget;
			buildConfigurationList = 8FCC13412A837B2900698582 /* Build configuration list for PBXNativeTarget "FlickrSearchTests" */;
			buildPhases = (
				8FCC13262A837B2900698582 /* Sources */,
				8FCC13272A837B2900698582 /* Frameworks */,
				8FCC13282A837B2900698582 /* Resources */,
			);
			buildRules = (
			);
			dependencies = (
				8FCC132C2A837B2900698582 /* PBXTargetDependency */,
			);
			name = FlickrSearchTests;
			productName = FlickrSearchTests;
			productReference = 8FCC132A2A837B2900698582 /* FlickrSearchTests.xctest */;
			productType = "com.apple.product-type.bundle.unit-test";
		};
		8FCC13332A837B2900698582 /* FlickrSearchUITests */ = {
			isa = PBXNativeTarget;
			buildConfigurationList = 8FCC13442A837B2900698582 /* Build configuration list for PBXNativeTarget "FlickrSearchUITests" */;
			buildPhases = (
				8FCC13302A837B2900698582 /* Sources */,
				8FCC13312A837B2900698582 /* Frameworks */,
				8FCC13322A837B2900698582 /* Resources */,
			);
			buildRules = (
			);
			dependencies = (
				8FCC13362A837B2900698582 /* PBXTargetDependency */,
			);
			name = FlickrSearchUITests;
			productName = FlickrSearchUITests;
			productReference = 8FCC13342A837B2900698582 /* FlickrSearchUITests.xctest */;
			productType = "com.apple.product-type.bundle.ui-testing";
		};
/* End PBXNativeTarget section */

/* Begin PBXProject section */
		8FCC130C2A837B2800698582 /* Project object */ = {
			isa = PBXProject;
			attributes = {
				BuildIndependentTargetsInParallel = 1;
				LastSwiftUpdateCheck = 1430;
				LastUpgradeCheck = 1430;
				TargetAttributes = {
					8FCC13132A837B2800698582 = {
						CreatedOnToolsVersion = 14.3;
					};
					8FCC13292A837B2900698582 = {
						CreatedOnToolsVersion = 14.3;
						TestTargetID = 8FCC13132A837B2800698582;
					};
					8FCC13332A837B2900698582 = {
						CreatedOnToolsVersion = 14.3;
						TestTargetID = 8FCC13132A837B2800698582;
					};
				};
			};
			buildConfigurationList = 8FCC130F2A837B2800698582 /* Build configuration list for PBXProject "FlickrSearch" */;
			compatibilityVersion = "Xcode 14.0";
			developmentRegion = en;
			hasScannedForEncodings = 0;
			knownRegions = (
				en,
				Base,
			);
			mainGroup = 8FCC130B2A837B2800698582;
			productRefGroup = 8FCC13152A837B2800698582 /* Products */;
			projectDirPath = "";
			projectRoot = "";
			targets = (
				8FCC13132A837B2800698582 /* FlickrSearch */,
				8FCC13292A837B2900698582 /* FlickrSearchTests */,
				8FCC13332A837B2900698582 /* FlickrSearchUITests */,
			);
		};
/* End PBXProject section */

/* Begin PBXResourcesBuildPhase section */
		8FCC13122A837B2800698582 /* Resources */ = {
			isa = PBXResourcesBuildPhase;
			buildActionMask = 2147483647;
			files = (
				8FCC13242A837B2900698582 /* LaunchScreen.storyboard in Resources */,
				8FCC13212A837B2900698582 /* Assets.xcassets in Resources */,
				8FCC131F2A837B2800698582 /* Main.storyboard in Resources */,
			);
			runOnlyForDeploymentPostprocessing = 0;
		};
		8FCC13282A837B2900698582 /* Resources */ = {
			isa = PBXResourcesBuildPhase;
			buildActionMask = 2147483647;
			files = (
			);
			runOnlyForDeploymentPostprocessing = 0;
		};
		8FCC13322A837B2900698582 /* Resources */ = {
			isa = PBXResourcesBuildPhase;
			buildActionMask = 2147483647;
			files = (
			);
			runOnlyForDeploymentPostprocessing = 0;
		};
/* End PBXResourcesBuildPhase section */

/* Begin PBXSourcesBuildPhase section */
		8FCC13102A837B2800698582 /* Sources */ = {
			isa = PBXSourcesBuildPhase;
			buildActionMask = 2147483647;
			files = (
				8FCC13682A8381D700698582 /* RequestError.swift in Sources */,
				8FCC13632A8381D700698582 /* ParameterEncoding.swift in Sources */,
				8FCC13612A8381D700698582 /* EmptyModel.swift in Sources */,
				8FCC135E2A8381D700698582 /* SearchItem.swift in Sources */,
				8FCC13692A8381D700698582 /* Endpoint.swift in Sources */,
				8FCC131C2A837B2800698582 /* SearchViewController.swift in Sources */,
				8FCC13672A8381D700698582 /* JSONParameterEncoder.swift in Sources */,
				8FCC135D2A8381D700698582 /* SearchResult.swift in Sources */,
				8FCC136A2A8381D700698582 /* FormDataParameterEncoder.swift in Sources */,
				8FCC13652A8381D700698582 /* RequestMethod.swift in Sources */,
				8FCC13622A8381D700698582 /* HTTPTask.swift in Sources */,
				8FCC13642A8381D700698582 /* HTTPClient.swift in Sources */,
				8FCC13662A8381D700698582 /* URLParameterEncoder.swift in Sources */,
				8FCC135F2A8381D700698582 /* SearchEndpoint.swift in Sources */,
				8FCC13602A8381D700698582 /* SearchService.swift in Sources */,
				8FCC13182A837B2800698582 /* AppDelegate.swift in Sources */,
			);
			runOnlyForDeploymentPostprocessing = 0;
		};
		8FCC13262A837B2900698582 /* Sources */ = {
			isa = PBXSourcesBuildPhase;
			buildActionMask = 2147483647;
			files = (
				8FCC132F2A837B2900698582 /* FlickrSearchTests.swift in Sources */,
			);
			runOnlyForDeploymentPostprocessing = 0;
		};
		8FCC13302A837B2900698582 /* Sources */ = {
			isa = PBXSourcesBuildPhase;
			buildActionMask = 2147483647;
			files = (
				8FCC13392A837B2900698582 /* FlickrSearchUITests.swift in Sources */,
				8FCC133B2A837B2900698582 /* FlickrSearchUITestsLaunchTests.swift in Sources */,
			);
			runOnlyForDeploymentPostprocessing = 0;
		};
/* End PBXSourcesBuildPhase section */

/* Begin PBXTargetDependency section */
		8FCC132C2A837B2900698582 /* PBXTargetDependency */ = {
			isa = PBXTargetDependency;
			target = 8FCC13132A837B2800698582 /* FlickrSearch */;
			targetProxy = 8FCC132B2A837B2900698582 /* PBXContainerItemProxy */;
		};
		8FCC13362A837B2900698582 /* PBXTargetDependency */ = {
			isa = PBXTargetDependency;
			target = 8FCC13132A837B2800698582 /* FlickrSearch */;
			targetProxy = 8FCC13352A837B2900698582 /* PBXContainerItemProxy */;
		};
/* End PBXTargetDependency section */

/* Begin PBXVariantGroup section */
		8FCC131D2A837B2800698582 /* Main.storyboard */ = {
			isa = PBXVariantGroup;
			children = (
				8FCC131E2A837B2800698582 /* Base */,
			);
			name = Main.storyboard;
			sourceTree = "<group>";
		};
		8FCC13222A837B2900698582 /* LaunchScreen.storyboard */ = {
			isa = PBXVariantGroup;
			children = (
				8FCC13232A837B2900698582 /* Base */,
			);
			name = LaunchScreen.storyboard;
			sourceTree = "<group>";
		};
/* End PBXVariantGroup section */

/* Begin XCBuildConfiguration section */
		8FCC133C2A837B2900698582 /* Debug */ = {
			isa = XCBuildConfiguration;
			buildSettings = {
				ALWAYS_SEARCH_USER_PATHS = NO;
				CLANG_ANALYZER_NONNULL = YES;
				CLANG_ANALYZER_NUMBER_OBJECT_CONVERSION = YES_AGGRESSIVE;
				CLANG_CXX_LANGUAGE_STANDARD = "gnu++20";
				CLANG_ENABLE_MODULES = YES;
				CLANG_ENABLE_OBJC_ARC = YES;
				CLANG_ENABLE_OBJC_WEAK = YES;
				CLANG_WARN_BLOCK_CAPTURE_AUTORELEASING = YES;
				CLANG_WARN_BOOL_CONVERSION = YES;
				CLANG_WARN_COMMA = YES;
				CLANG_WARN_CONSTANT_CONVERSION = YES;
				CLANG_WARN_DEPRECATED_OBJC_IMPLEMENTATIONS = YES;
				CLANG_WARN_DIRECT_OBJC_ISA_USAGE = YES_ERROR;
				CLANG_WARN_DOCUMENTATION_COMMENTS = YES;
				CLANG_WARN_EMPTY_BODY = YES;
				CLANG_WARN_ENUM_CONVERSION = YES;
				CLANG_WARN_INFINITE_RECURSION = YES;
				CLANG_WARN_INT_CONVERSION = YES;
				CLANG_WARN_NON_LITERAL_NULL_CONVERSION = YES;
				CLANG_WARN_OBJC_IMPLICIT_RETAIN_SELF = YES;
				CLANG_WARN_OBJC_LITERAL_CONVERSION = YES;
				CLANG_WARN_OBJC_ROOT_CLASS = YES_ERROR;
				CLANG_WARN_QUOTED_INCLUDE_IN_FRAMEWORK_HEADER = YES;
				CLANG_WARN_RANGE_LOOP_ANALYSIS = YES;
				CLANG_WARN_STRICT_PROTOTYPES = YES;
				CLANG_WARN_SUSPICIOUS_MOVE = YES;
				CLANG_WARN_UNGUARDED_AVAILABILITY = YES_AGGRESSIVE;
				CLANG_WARN_UNREACHABLE_CODE = YES;
				CLANG_WARN__DUPLICATE_METHOD_MATCH = YES;
				COPY_PHASE_STRIP = NO;
				DEBUG_INFORMATION_FORMAT = dwarf;
				ENABLE_STRICT_OBJC_MSGSEND = YES;
				ENABLE_TESTABILITY = YES;
				GCC_C_LANGUAGE_STANDARD = gnu11;
				GCC_DYNAMIC_NO_PIC = NO;
				GCC_NO_COMMON_BLOCKS = YES;
				GCC_OPTIMIZATION_LEVEL = 0;
				GCC_PREPROCESSOR_DEFINITIONS = (
					"DEBUG=1",
					"$(inherited)",
				);
				GCC_WARN_64_TO_32_BIT_CONVERSION = YES;
				GCC_WARN_ABOUT_RETURN_TYPE = YES_ERROR;
				GCC_WARN_UNDECLARED_SELECTOR = YES;
				GCC_WARN_UNINITIALIZED_AUTOS = YES_AGGRESSIVE;
				GCC_WARN_UNUSED_FUNCTION = YES;
				GCC_WARN_UNUSED_VARIABLE = YES;
				IPHONEOS_DEPLOYMENT_TARGET = 16.4;
				MTL_ENABLE_DEBUG_INFO = INCLUDE_SOURCE;
				MTL_FAST_MATH = YES;
				ONLY_ACTIVE_ARCH = YES;
				SDKROOT = iphoneos;
				SWIFT_ACTIVE_COMPILATION_CONDITIONS = DEBUG;
				SWIFT_OPTIMIZATION_LEVEL = "-Onone";
			};
			name = Debug;
		};
		8FCC133D2A837B2900698582 /* Release */ = {
			isa = XCBuildConfiguration;
			buildSettings = {
				ALWAYS_SEARCH_USER_PATHS = NO;
				CLANG_ANALYZER_NONNULL = YES;
				CLANG_ANALYZER_NUMBER_OBJECT_CONVERSION = YES_AGGRESSIVE;
				CLANG_CXX_LANGUAGE_STANDARD = "gnu++20";
				CLANG_ENABLE_MODULES = YES;
				CLANG_ENABLE_OBJC_ARC = YES;
				CLANG_ENABLE_OBJC_WEAK = YES;
				CLANG_WARN_BLOCK_CAPTURE_AUTORELEASING = YES;
				CLANG_WARN_BOOL_CONVERSION = YES;
				CLANG_WARN_COMMA = YES;
				CLANG_WARN_CONSTANT_CONVERSION = YES;
				CLANG_WARN_DEPRECATED_OBJC_IMPLEMENTATIONS = YES;
				CLANG_WARN_DIRECT_OBJC_ISA_USAGE = YES_ERROR;
				CLANG_WARN_DOCUMENTATION_COMMENTS = YES;
				CLANG_WARN_EMPTY_BODY = YES;
				CLANG_WARN_ENUM_CONVERSION = YES;
				CLANG_WARN_INFINITE_RECURSION = YES;
				CLANG_WARN_INT_CONVERSION = YES;
				CLANG_WARN_NON_LITERAL_NULL_CONVERSION = YES;
				CLANG_WARN_OBJC_IMPLICIT_RETAIN_SELF = YES;
				CLANG_WARN_OBJC_LITERAL_CONVERSION = YES;
				CLANG_WARN_OBJC_ROOT_CLASS = YES_ERROR;
				CLANG_WARN_QUOTED_INCLUDE_IN_FRAMEWORK_HEADER = YES;
				CLANG_WARN_RANGE_LOOP_ANALYSIS = YES;
				CLANG_WARN_STRICT_PROTOTYPES = YES;
				CLANG_WARN_SUSPICIOUS_MOVE = YES;
				CLANG_WARN_UNGUARDED_AVAILABILITY = YES_AGGRESSIVE;
				CLANG_WARN_UNREACHABLE_CODE = YES;
				CLANG_WARN__DUPLICATE_METHOD_MATCH = YES;
				COPY_PHASE_STRIP = NO;
				DEBUG_INFORMATION_FORMAT = "dwarf-with-dsym";
				ENABLE_NS_ASSERTIONS = NO;
				ENABLE_STRICT_OBJC_MSGSEND = YES;
				GCC_C_LANGUAGE_STANDARD = gnu11;
				GCC_NO_COMMON_BLOCKS = YES;
				GCC_WARN_64_TO_32_BIT_CONVERSION = YES;
				GCC_WARN_ABOUT_RETURN_TYPE = YES_ERROR;
				GCC_WARN_UNDECLARED_SELECTOR = YES;
				GCC_WARN_UNINITIALIZED_AUTOS = YES_AGGRESSIVE;
				GCC_WARN_UNUSED_FUNCTION = YES;
				GCC_WARN_UNUSED_VARIABLE = YES;
				IPHONEOS_DEPLOYMENT_TARGET = 16.4;
				MTL_ENABLE_DEBUG_INFO = NO;
				MTL_FAST_MATH = YES;
				SDKROOT = iphoneos;
				SWIFT_COMPILATION_MODE = wholemodule;
				SWIFT_OPTIMIZATION_LEVEL = "-O";
				VALIDATE_PRODUCT = YES;
			};
			name = Release;
		};
		8FCC133F2A837B2900698582 /* Debug */ = {
			isa = XCBuildConfiguration;
			buildSettings = {
				ASSETCATALOG_COMPILER_APPICON_NAME = AppIcon;
				ASSETCATALOG_COMPILER_GLOBAL_ACCENT_COLOR_NAME = AccentColor;
				CODE_SIGN_STYLE = Automatic;
				CURRENT_PROJECT_VERSION = 1;
				DEVELOPMENT_TEAM = E3FZZXWET7;
				GENERATE_INFOPLIST_FILE = YES;
				INFOPLIST_FILE = FlickrSearch/Info.plist;
				INFOPLIST_KEY_UIApplicationSupportsIndirectInputEvents = YES;
				INFOPLIST_KEY_UILaunchStoryboardName = LaunchScreen;
				INFOPLIST_KEY_UIMainStoryboardFile = Main;
				INFOPLIST_KEY_UISupportedInterfaceOrientations = UIInterfaceOrientationPortrait;
				INFOPLIST_KEY_UISupportedInterfaceOrientations_iPad = "UIInterfaceOrientationLandscapeLeft UIInterfaceOrientationLandscapeRight UIInterfaceOrientationPortrait UIInterfaceOrientationPortraitUpsideDown";
				IPHONEOS_DEPLOYMENT_TARGET = 12.4;
				LD_RUNPATH_SEARCH_PATHS = (
					"$(inherited)",
					"@executable_path/Frameworks",
				);
				MARKETING_VERSION = 1.0;
				PRODUCT_BUNDLE_IDENTIFIER = com.rtv.FlickrSearch;
				PRODUCT_NAME = "$(TARGET_NAME)";
				SUPPORTED_PLATFORMS = "iphoneos iphonesimulator";
				SUPPORTS_MACCATALYST = NO;
				SUPPORTS_MAC_DESIGNED_FOR_IPHONE_IPAD = YES;
				SWIFT_EMIT_LOC_STRINGS = YES;
				SWIFT_VERSION = 5.0;
				TARGETED_DEVICE_FAMILY = 1;
			};
			name = Debug;
		};
		8FCC13402A837B2900698582 /* Release */ = {
			isa = XCBuildConfiguration;
			buildSettings = {
				ASSETCATALOG_COMPILER_APPICON_NAME = AppIcon;
				ASSETCATALOG_COMPILER_GLOBAL_ACCENT_COLOR_NAME = AccentColor;
				CODE_SIGN_STYLE = Automatic;
				CURRENT_PROJECT_VERSION = 1;
				DEVELOPMENT_TEAM = E3FZZXWET7;
				GENERATE_INFOPLIST_FILE = YES;
				INFOPLIST_FILE = FlickrSearch/Info.plist;
				INFOPLIST_KEY_UIApplicationSupportsIndirectInputEvents = YES;
				INFOPLIST_KEY_UILaunchStoryboardName = LaunchScreen;
				INFOPLIST_KEY_UIMainStoryboardFile = Main;
				INFOPLIST_KEY_UISupportedInterfaceOrientations = UIInterfaceOrientationPortrait;
				INFOPLIST_KEY_UISupportedInterfaceOrientations_iPad = "UIInterfaceOrientationLandscapeLeft UIInterfaceOrientationLandscapeRight UIInterfaceOrientationPortrait UIInterfaceOrientationPortraitUpsideDown";
				IPHONEOS_DEPLOYMENT_TARGET = 12.4;
				LD_RUNPATH_SEARCH_PATHS = (
					"$(inherited)",
					"@executable_path/Frameworks",
				);
				MARKETING_VERSION = 1.0;
				PRODUCT_BUNDLE_IDENTIFIER = com.rtv.FlickrSearch;
				PRODUCT_NAME = "$(TARGET_NAME)";
				SUPPORTED_PLATFORMS = "iphoneos iphonesimulator";
				SUPPORTS_MACCATALYST = NO;
				SUPPORTS_MAC_DESIGNED_FOR_IPHONE_IPAD = YES;
				SWIFT_EMIT_LOC_STRINGS = YES;
				SWIFT_VERSION = 5.0;
				TARGETED_DEVICE_FAMILY = 1;
			};
			name = Release;
		};
		8FCC13422A837B2900698582 /* Debug */ = {
			isa = XCBuildConfiguration;
			buildSettings = {
				ALWAYS_EMBED_SWIFT_STANDARD_LIBRARIES = YES;
				BUNDLE_LOADER = "$(TEST_HOST)";
				CODE_SIGN_STYLE = Automatic;
				CURRENT_PROJECT_VERSION = 1;
				DEVELOPMENT_TEAM = E3FZZXWET7;
				GENERATE_INFOPLIST_FILE = YES;
				IPHONEOS_DEPLOYMENT_TARGET = 16.4;
				MARKETING_VERSION = 1.0;
				PRODUCT_BUNDLE_IDENTIFIER = com.rtv.FlickrSearchTests;
				PRODUCT_NAME = "$(TARGET_NAME)";
				SWIFT_EMIT_LOC_STRINGS = NO;
				SWIFT_VERSION = 5.0;
				TARGETED_DEVICE_FAMILY = "1,2";
				TEST_HOST = "$(BUILT_PRODUCTS_DIR)/FlickrSearch.app/$(BUNDLE_EXECUTABLE_FOLDER_PATH)/FlickrSearch";
			};
			name = Debug;
		};
		8FCC13432A837B2900698582 /* Release */ = {
			isa = XCBuildConfiguration;
			buildSettings = {
				ALWAYS_EMBED_SWIFT_STANDARD_LIBRARIES = YES;
				BUNDLE_LOADER = "$(TEST_HOST)";
				CODE_SIGN_STYLE = Automatic;
				CURRENT_PROJECT_VERSION = 1;
				DEVELOPMENT_TEAM = E3FZZXWET7;
				GENERATE_INFOPLIST_FILE = YES;
				IPHONEOS_DEPLOYMENT_TARGET = 16.4;
				MARKETING_VERSION = 1.0;
				PRODUCT_BUNDLE_IDENTIFIER = com.rtv.FlickrSearchTests;
				PRODUCT_NAME = "$(TARGET_NAME)";
				SWIFT_EMIT_LOC_STRINGS = NO;
				SWIFT_VERSION = 5.0;
				TARGETED_DEVICE_FAMILY = "1,2";
				TEST_HOST = "$(BUILT_PRODUCTS_DIR)/FlickrSearch.app/$(BUNDLE_EXECUTABLE_FOLDER_PATH)/FlickrSearch";
			};
			name = Release;
		};
		8FCC13452A837B2900698582 /* Debug */ = {
			isa = XCBuildConfiguration;
			buildSettings = {
				ALWAYS_EMBED_SWIFT_STANDARD_LIBRARIES = YES;
				CODE_SIGN_STYLE = Automatic;
				CURRENT_PROJECT_VERSION = 1;
				DEVELOPMENT_TEAM = E3FZZXWET7;
				GENERATE_INFOPLIST_FILE = YES;
				MARKETING_VERSION = 1.0;
				PRODUCT_BUNDLE_IDENTIFIER = com.rtv.FlickrSearchUITests;
				PRODUCT_NAME = "$(TARGET_NAME)";
				SWIFT_EMIT_LOC_STRINGS = NO;
				SWIFT_VERSION = 5.0;
				TARGETED_DEVICE_FAMILY = "1,2";
				TEST_TARGET_NAME = FlickrSearch;
			};
			name = Debug;
		};
		8FCC13462A837B2900698582 /* Release */ = {
			isa = XCBuildConfiguration;
			buildSettings = {
				ALWAYS_EMBED_SWIFT_STANDARD_LIBRARIES = YES;
				CODE_SIGN_STYLE = Automatic;
				CURRENT_PROJECT_VERSION = 1;
				DEVELOPMENT_TEAM = E3FZZXWET7;
				GENERATE_INFOPLIST_FILE = YES;
				MARKETING_VERSION = 1.0;
				PRODUCT_BUNDLE_IDENTIFIER = com.rtv.FlickrSearchUITests;
				PRODUCT_NAME = "$(TARGET_NAME)";
				SWIFT_EMIT_LOC_STRINGS = NO;
				SWIFT_VERSION = 5.0;
				TARGETED_DEVICE_FAMILY = "1,2";
				TEST_TARGET_NAME = FlickrSearch;
			};
			name = Release;
		};
/* End XCBuildConfiguration section */

/* Begin XCConfigurationList section */
		8FCC130F2A837B2800698582 /* Build configuration list for PBXProject "FlickrSearch" */ = {
			isa = XCConfigurationList;
			buildConfigurations = (
				8FCC133C2A837B2900698582 /* Debug */,
				8FCC133D2A837B2900698582 /* Release */,
			);
			defaultConfigurationIsVisible = 0;
			defaultConfigurationName = Release;
		};
		8FCC133E2A837B2900698582 /* Build configuration list for PBXNativeTarget "FlickrSearch" */ = {
			isa = XCConfigurationList;
			buildConfigurations = (
				8FCC133F2A837B2900698582 /* Debug */,
				8FCC13402A837B2900698582 /* Release */,
			);
			defaultConfigurationIsVisible = 0;
			defaultConfigurationName = Release;
		};
		8FCC13412A837B2900698582 /* Build configuration list for PBXNativeTarget "FlickrSearchTests" */ = {
			isa = XCConfigurationList;
			buildConfigurations = (
				8FCC13422A837B2900698582 /* Debug */,
				8FCC13432A837B2900698582 /* Release */,
			);
			defaultConfigurationIsVisible = 0;
			defaultConfigurationName = Release;
		};
		8FCC13442A837B2900698582 /* Build configuration list for PBXNativeTarget "FlickrSearchUITests" */ = {
			isa = XCConfigurationList;
			buildConfigurations = (
				8FCC13452A837B2900698582 /* Debug */,
				8FCC13462A837B2900698582 /* Release */,
			);
			defaultConfigurationIsVisible = 0;
			defaultConfigurationName = Release;
		};
/* End XCConfigurationList section */
	};
	rootObject = 8FCC130C2A837B2800698582 /* Project object */;
}
